lockfileVersion: '6.0'

settings:
  autoInstallPeers: true
  excludeLinksFromLockfile: false

dependencies:
  '@peculiar/webcrypto':
    specifier: ^1.4.5
    version: 1.4.5
  lodash:
    specifier: ^4.17.21
    version: 4.17.21
  node-fetch:
    specifier: ^3.3.2
    version: 3.3.2
  ws:
    specifier: ^8.16.0
    version: 8.16.0

devDependencies:
  '@rollup/plugin-commonjs':
    specifier: ^25.0.7
    version: 25.0.7(rollup@4.9.6)
  '@rollup/plugin-node-resolve':
    specifier: ^15.2.3
    version: 15.2.3(rollup@4.9.6)
  '@rollup/plugin-typescript':
    specifier: ^11.1.6
    version: 11.1.6(rollup@4.9.6)(tslib@2.6.2)(typescript@5.3.3)
  '@types/lodash':
    specifier: ^4.14.202
    version: 4.14.202
  '@types/node':
    specifier: ^20.11.17
    version: 20.11.17
  '@types/react':
    specifier: ^18.2.55
    version: 18.2.55
  concurrently:
    specifier: ^8.2.2
    version: 8.2.2
  fs-extra:
    specifier: ^11.2.0
    version: 11.2.0
  localtunnel:
    specifier: ^2.0.2
    version: 2.0.2
  open:
    specifier: ^10.0.3
    version: 10.0.3
  open-cli:
    specifier: ^8.0.0
    version: 8.0.0
  rollup:
    specifier: ^4.9.6
    version: 4.9.6
  rollup-plugin-peer-deps-external:
    specifier: ^2.2.4
    version: 2.2.4(rollup@4.9.6)
  tslib:
    specifier: ^2.6.2
    version: 2.6.2
  typescript:
    specifier: ^5.3.3
    version: 5.3.3

packages:

  /@babel/runtime@7.23.9:
    resolution: {integrity: sha512-0CX6F+BI2s9dkUqr08KFrAIZgNFj75rdBU/DjCyYLIaV/quFjkk6T+EJ2LkZHyZTbEV4L5p97mNkUsHl2wLFAw==}
    engines: {node: '>=6.9.0'}
    dependencies:
      regenerator-runtime: 0.14.1
    dev: true

  /@jridgewell/sourcemap-codec@1.4.15:
    resolution: {integrity: sha512-eF2rxCRulEKXHTRiDrDy6erMYWqNw4LPdQ8UQA4huuxaQsVeRPFl2oM8oDGxMFhJUWZf9McpLtJasDDZb/Bpeg==}
    dev: true

  /@peculiar/asn1-schema@2.3.8:
    resolution: {integrity: sha512-ULB1XqHKx1WBU/tTFIA+uARuRoBVZ4pNdOA878RDrRbBfBGcSzi5HBkdScC6ZbHn8z7L8gmKCgPC1LHRrP46tA==}
    dependencies:
      asn1js: 3.0.5
      pvtsutils: 1.3.5
      tslib: 2.6.2
    dev: false

  /@peculiar/json-schema@1.1.12:
    resolution: {integrity: sha512-coUfuoMeIB7B8/NMekxaDzLhaYmp0HZNPEjYRm9goRou8UZIC3z21s0sL9AWoCw4EG876QyO3kYrc61WNF9B/w==}
    engines: {node: '>=8.0.0'}
    dependencies:
      tslib: 2.6.2
    dev: false

  /@peculiar/webcrypto@1.4.5:
    resolution: {integrity: sha512-oDk93QCDGdxFRM8382Zdminzs44dg3M2+E5Np+JWkpqLDyJC9DviMh8F8mEJkYuUcUOGA5jHO5AJJ10MFWdbZw==}
    engines: {node: '>=10.12.0'}
    dependencies:
      '@peculiar/asn1-schema': 2.3.8
      '@peculiar/json-schema': 1.1.12
      pvtsutils: 1.3.5
      tslib: 2.6.2
      webcrypto-core: 1.7.8
    dev: false

  /@rollup/plugin-commonjs@25.0.7(rollup@4.9.6):
    resolution: {integrity: sha512-nEvcR+LRjEjsaSsc4x3XZfCCvZIaSMenZu/OiwOKGN2UhQpAYI7ru7czFvyWbErlpoGjnSX3D5Ch5FcMA3kRWQ==}
    engines: {node: '>=14.0.0'}
    peerDependencies:
      rollup: ^2.68.0||^3.0.0||^4.0.0
    peerDependenciesMeta:
      rollup:
        optional: true
    dependencies:
      '@rollup/pluginutils': 5.1.0(rollup@4.9.6)
      commondir: 1.0.1
      estree-walker: 2.0.2
      glob: 8.1.0
      is-reference: 1.2.1
      magic-string: 0.30.7
      rollup: 4.9.6
    dev: true

  /@rollup/plugin-node-resolve@15.2.3(rollup@4.9.6):
    resolution: {integrity: sha512-j/lym8nf5E21LwBT4Df1VD6hRO2L2iwUeUmP7litikRsVp1H6NWx20NEp0Y7su+7XGc476GnXXc4kFeZNGmaSQ==}
    engines: {node: '>=14.0.0'}
    peerDependencies:
      rollup: ^2.78.0||^3.0.0||^4.0.0
    peerDependenciesMeta:
      rollup:
        optional: true
    dependencies:
      '@rollup/pluginutils': 5.1.0(rollup@4.9.6)
      '@types/resolve': 1.20.2
      deepmerge: 4.3.1
      is-builtin-module: 3.2.1
      is-module: 1.0.0
      resolve: 1.22.8
      rollup: 4.9.6
    dev: true

  /@rollup/plugin-typescript@11.1.6(rollup@4.9.6)(tslib@2.6.2)(typescript@5.3.3):
    resolution: {integrity: sha512-R92yOmIACgYdJ7dJ97p4K69I8gg6IEHt8M7dUBxN3W6nrO8uUxX5ixl0yU/N3aZTi8WhPuICvOHXQvF6FaykAA==}
    engines: {node: '>=14.0.0'}
    peerDependencies:
      rollup: ^2.14.0||^3.0.0||^4.0.0
      tslib: '*'
      typescript: '>=3.7.0'
    peerDependenciesMeta:
      rollup:
        optional: true
      tslib:
        optional: true
    dependencies:
      '@rollup/pluginutils': 5.1.0(rollup@4.9.6)
      resolve: 1.22.8
      rollup: 4.9.6
      tslib: 2.6.2
      typescript: 5.3.3
    dev: true

  /@rollup/pluginutils@5.1.0(rollup@4.9.6):
    resolution: {integrity: sha512-XTIWOPPcpvyKI6L1NHo0lFlCyznUEyPmPY1mc3KpPVDYulHSTvyeLNVW00QTLIAFNhR3kYnJTQHeGqU4M3n09g==}
    engines: {node: '>=14.0.0'}
    peerDependencies:
      rollup: ^1.20.0||^2.0.0||^3.0.0||^4.0.0
    peerDependenciesMeta:
      rollup:
        optional: true
    dependencies:
      '@types/estree': 1.0.5
      estree-walker: 2.0.2
      picomatch: 2.3.1
      rollup: 4.9.6
    dev: true

  /@rollup/rollup-android-arm-eabi@4.9.6:
    resolution: {integrity: sha512-MVNXSSYN6QXOulbHpLMKYi60ppyO13W9my1qogeiAqtjb2yR4LSmfU2+POvDkLzhjYLXz9Rf9+9a3zFHW1Lecg==}
    cpu: [arm]
    os: [android]
    requiresBuild: true
    dev: true
    optional: true

  /@rollup/rollup-android-arm64@4.9.6:
    resolution: {integrity: sha512-T14aNLpqJ5wzKNf5jEDpv5zgyIqcpn1MlwCrUXLrwoADr2RkWA0vOWP4XxbO9aiO3dvMCQICZdKeDrFl7UMClw==}
    cpu: [arm64]
    os: [android]
    requiresBuild: true
    dev: true
    optional: true

  /@rollup/rollup-darwin-arm64@4.9.6:
    resolution: {integrity: sha512-CqNNAyhRkTbo8VVZ5R85X73H3R5NX9ONnKbXuHisGWC0qRbTTxnF1U4V9NafzJbgGM0sHZpdO83pLPzq8uOZFw==}
    cpu: [arm64]
    os: [darwin]
    requiresBuild: true
    dev: true
    optional: true

  /@rollup/rollup-darwin-x64@4.9.6:
    resolution: {integrity: sha512-zRDtdJuRvA1dc9Mp6BWYqAsU5oeLixdfUvkTHuiYOHwqYuQ4YgSmi6+/lPvSsqc/I0Omw3DdICx4Tfacdzmhog==}
    cpu: [x64]
    os: [darwin]
    requiresBuild: true
    dev: true
    optional: true

  /@rollup/rollup-linux-arm-gnueabihf@4.9.6:
    resolution: {integrity: sha512-oNk8YXDDnNyG4qlNb6is1ojTOGL/tRhbbKeE/YuccItzerEZT68Z9gHrY3ROh7axDc974+zYAPxK5SH0j/G+QQ==}
    cpu: [arm]
    os: [linux]
    requiresBuild: true
    dev: true
    optional: true

  /@rollup/rollup-linux-arm64-gnu@4.9.6:
    resolution: {integrity: sha512-Z3O60yxPtuCYobrtzjo0wlmvDdx2qZfeAWTyfOjEDqd08kthDKexLpV97KfAeUXPosENKd8uyJMRDfFMxcYkDQ==}
    cpu: [arm64]
    os: [linux]
    requiresBuild: true
    dev: true
    optional: true

  /@rollup/rollup-linux-arm64-musl@4.9.6:
    resolution: {integrity: sha512-gpiG0qQJNdYEVad+1iAsGAbgAnZ8j07FapmnIAQgODKcOTjLEWM9sRb+MbQyVsYCnA0Im6M6QIq6ax7liws6eQ==}
    cpu: [arm64]
    os: [linux]
    requiresBuild: true
    dev: true
    optional: true

  /@rollup/rollup-linux-riscv64-gnu@4.9.6:
    resolution: {integrity: sha512-+uCOcvVmFUYvVDr27aiyun9WgZk0tXe7ThuzoUTAukZJOwS5MrGbmSlNOhx1j80GdpqbOty05XqSl5w4dQvcOA==}
    cpu: [riscv64]
    os: [linux]
    requiresBuild: true
    dev: true
    optional: true

  /@rollup/rollup-linux-x64-gnu@4.9.6:
    resolution: {integrity: sha512-HUNqM32dGzfBKuaDUBqFB7tP6VMN74eLZ33Q9Y1TBqRDn+qDonkAUyKWwF9BR9unV7QUzffLnz9GrnKvMqC/fw==}
    cpu: [x64]
    os: [linux]
    requiresBuild: true
    dev: true
    optional: true

  /@rollup/rollup-linux-x64-musl@4.9.6:
    resolution: {integrity: sha512-ch7M+9Tr5R4FK40FHQk8VnML0Szi2KRujUgHXd/HjuH9ifH72GUmw6lStZBo3c3GB82vHa0ZoUfjfcM7JiiMrQ==}
    cpu: [x64]
    os: [linux]
    requiresBuild: true
    dev: true
    optional: true

  /@rollup/rollup-win32-arm64-msvc@4.9.6:
    resolution: {integrity: sha512-VD6qnR99dhmTQ1mJhIzXsRcTBvTjbfbGGwKAHcu+52cVl15AC/kplkhxzW/uT0Xl62Y/meBKDZvoJSJN+vTeGA==}
    cpu: [arm64]
    os: [win32]
    requiresBuild: true
    dev: true
    optional: true

  /@rollup/rollup-win32-ia32-msvc@4.9.6:
    resolution: {integrity: sha512-J9AFDq/xiRI58eR2NIDfyVmTYGyIZmRcvcAoJ48oDld/NTR8wyiPUu2X/v1navJ+N/FGg68LEbX3Ejd6l8B7MQ==}
    cpu: [ia32]
    os: [win32]
    requiresBuild: true
    dev: true
    optional: true

  /@rollup/rollup-win32-x64-msvc@4.9.6:
    resolution: {integrity: sha512-jqzNLhNDvIZOrt69Ce4UjGRpXJBzhUBzawMwnaDAwyHriki3XollsewxWzOzz+4yOFDkuJHtTsZFwMxhYJWmLQ==}
    cpu: [x64]
    os: [win32]
    requiresBuild: true
    dev: true
    optional: true

  /@tokenizer/token@0.3.0:
    resolution: {integrity: sha512-OvjF+z51L3ov0OyAU0duzsYuvO01PH7x4t6DJx+guahgTnBHkhJdG7soQeTSFLWN3efnHyibZ4Z8l2EuWwJN3A==}
    dev: true

  /@types/estree@1.0.5:
    resolution: {integrity: sha512-/kYRxGDLWzHOB7q+wtSUQlFrtcdUccpfy+X+9iMBpHK8QLLhx2wIPYuS5DYtR9Wa/YlZAbIovy7qVdB1Aq6Lyw==}
    dev: true

  /@types/lodash@4.14.202:
    resolution: {integrity: sha512-OvlIYQK9tNneDlS0VN54LLd5uiPCBOp7gS5Z0f1mjoJYBrtStzgmJBxONW3U6OZqdtNzZPmn9BS/7WI7BFFcFQ==}
    dev: true

  /@types/node@20.11.17:
    resolution: {integrity: sha512-QmgQZGWu1Yw9TDyAP9ZzpFJKynYNeOvwMJmaxABfieQoVoiVOS6MN1WSpqpRcbeA5+RW82kraAVxCCJg+780Qw==}
    dependencies:
      undici-types: 5.26.5
    dev: true

  /@types/prop-types@15.7.11:
    resolution: {integrity: sha512-ga8y9v9uyeiLdpKddhxYQkxNDrfvuPrlFb0N1qnZZByvcElJaXthF1UhvCh9TLWJBEHeNtdnbysW7Y6Uq8CVng==}
    dev: true

  /@types/react@18.2.55:
    resolution: {integrity: sha512-Y2Tz5P4yz23brwm2d7jNon39qoAtMMmalOQv6+fEFt1mT+FcM3D841wDpoUvFXhaYenuROCy3FZYqdTjM7qVyA==}
    dependencies:
      '@types/prop-types': 15.7.11
      '@types/scheduler': 0.16.8
      csstype: 3.1.3
    dev: true

  /@types/resolve@1.20.2:
    resolution: {integrity: sha512-60BCwRFOZCQhDncwQdxxeOEEkbc5dIMccYLwbxsS4TUNeVECQ/pBJ0j09mrHOl/JJvpRPGwO9SvE4nR2Nb/a4Q==}
    dev: true

  /@types/scheduler@0.16.8:
    resolution: {integrity: sha512-WZLiwShhwLRmeV6zH+GkbOFT6Z6VklCItrDioxUnv+u4Ll+8vKeFySoFyK/0ctcRpOmwAicELfmys1sDc/Rw+A==}
    dev: true

  /ansi-regex@5.0.1:
    resolution: {integrity: sha512-quJQXlTSUGL2LH9SUXo8VwsY4soanhgo6LNSm84E1LBcE8s3O0wpdiRzyR9z/ZZJMlMWv37qOOb9pdJlMUEKFQ==}
    engines: {node: '>=8'}
    dev: true

  /ansi-styles@4.3.0:
    resolution: {integrity: sha512-zbB9rCJAT1rbjiVDb2hqKFHNYLxgtk8NURxZ3IZwD3F6NtxbXZQCnnSi1Lkx+IDohdPlFp222wVALIheZJQSEg==}
    engines: {node: '>=8'}
    dependencies:
      color-convert: 2.0.1
    dev: true

  /asn1js@3.0.5:
    resolution: {integrity: sha512-FVnvrKJwpt9LP2lAMl8qZswRNm3T4q9CON+bxldk2iwk3FFpuwhx2FfinyitizWHsVYyaY+y5JzDR0rCMV5yTQ==}
    engines: {node: '>=12.0.0'}
    dependencies:
      pvtsutils: 1.3.5
      pvutils: 1.1.3
      tslib: 2.6.2
    dev: false

  /axios@0.21.4(debug@4.3.2):
    resolution: {integrity: sha512-ut5vewkiu8jjGBdqpM44XxjuCjq9LAKeHVmoVfHVzy8eHgxxq8SbAVQNovDA8mVi05kP0Ea/n/UzcSHcTJQfNg==}
    dependencies:
      follow-redirects: 1.15.5(debug@4.3.2)
    transitivePeerDependencies:
      - debug
    dev: true

  /balanced-match@1.0.2:
    resolution: {integrity: sha512-3oSeUO0TMV67hN1AmbXsK4yaqU7tjiHlbxRDZOpH0KW9+CeX4bRAaX0Anxt0tx2MrpRpWwQaPwIlISEJhYU5Pw==}
    dev: true

  /brace-expansion@2.0.1:
    resolution: {integrity: sha512-XnAIvQ8eM+kC6aULx6wuQiwVsnzsi9d3WxzV3FpWTGA19F621kwdbsAcFKXgKUHZWsy+mY6iL1sHTxWEFCytDA==}
    dependencies:
      balanced-match: 1.0.2
    dev: true

  /builtin-modules@3.3.0:
    resolution: {integrity: sha512-zhaCDicdLuWN5UbN5IMnFqNMhNfo919sH85y2/ea+5Yg9TsTkeZxpL+JLbp6cgYFS4sRLp3YV4S6yDuqVWHYOw==}
    engines: {node: '>=6'}
    dev: true

  /bundle-name@4.1.0:
    resolution: {integrity: sha512-tjwM5exMg6BGRI+kNmTntNsvdZS1X8BFYS6tnJ2hdH0kVxM6/eVZ2xy+FqStSWvYmtfFMDLIxurorHwDKfDz5Q==}
    engines: {node: '>=18'}
    dependencies:
      run-applescript: 7.0.0
    dev: true

  /chalk@4.1.2:
    resolution: {integrity: sha512-oKnbhFyRIXpUuez8iBMmyEa4nbj4IOQyuhc/wy9kY7/WVPcwIO9VA668Pu8RkO7+0G76SLROeyw9CpQ061i4mA==}
    engines: {node: '>=10'}
    dependencies:
      ansi-styles: 4.3.0
      supports-color: 7.2.0
    dev: true

  /cliui@7.0.4:
    resolution: {integrity: sha512-OcRE68cOsVMXp1Yvonl/fzkQOyjLSu/8bhPDfQt0e0/Eb283TKP20Fs2MqoPsr9SwA595rRCA+QMzYc9nBP+JQ==}
    dependencies:
      string-width: 4.2.3
      strip-ansi: 6.0.1
      wrap-ansi: 7.0.0
    dev: true

  /cliui@8.0.1:
    resolution: {integrity: sha512-BSeNnyus75C4//NQ9gQt1/csTXyo/8Sb+afLAkzAptFuMsod9HFokGNudZpi/oQV73hnVK+sR+5PVRMd+Dr7YQ==}
    engines: {node: '>=12'}
    dependencies:
      string-width: 4.2.3
      strip-ansi: 6.0.1
      wrap-ansi: 7.0.0
    dev: true

  /color-convert@2.0.1:
    resolution: {integrity: sha512-RRECPsj7iu/xb5oKYcsFHSppFNnsj/52OVTRKb4zP5onXwVF3zVmmToNcOfGC+CRDpfK/U584fMg38ZHCaElKQ==}
    engines: {node: '>=7.0.0'}
    dependencies:
      color-name: 1.1.4
    dev: true

  /color-name@1.1.4:
    resolution: {integrity: sha512-dOy+3AuW3a2wNbZHIuMZpTcgjGuLU/uBL/ubcZF9OXbDo8ff4O8yVp5Bf0efS8uEoYo5q4Fx7dY9OgQGXgAsQA==}
    dev: true

  /commondir@1.0.1:
    resolution: {integrity: sha512-W9pAhw0ja1Edb5GVdIF1mjZw/ASI0AlShXM83UUGe2DVr5TdAPEA1OA8m/g8zWp9x6On7gqufY+FatDbC3MDQg==}
    dev: true

  /concurrently@8.2.2:
    resolution: {integrity: sha512-1dP4gpXFhei8IOtlXRE/T/4H88ElHgTiUzh71YUmtjTEHMSRS2Z/fgOxHSxxusGHogsRfxNq1vyAwxSC+EVyDg==}
    engines: {node: ^14.13.0 || >=16.0.0}
    hasBin: true
    dependencies:
      chalk: 4.1.2
      date-fns: 2.30.0
      lodash: 4.17.21
      rxjs: 7.8.1
      shell-quote: 1.8.1
      spawn-command: 0.0.2
      supports-color: 8.1.1
      tree-kill: 1.2.2
      yargs: 17.7.2
    dev: true

  /crypto-random-string@4.0.0:
    resolution: {integrity: sha512-x8dy3RnvYdlUcPOjkEHqozhiwzKNSq7GcPuXFbnyMOCHxX8V3OgIg/pYuabl2sbUPfIJaeAQB7PMOK8DFIdoRA==}
    engines: {node: '>=12'}
    dependencies:
      type-fest: 1.4.0
    dev: true

  /csstype@3.1.3:
    resolution: {integrity: sha512-M1uQkMl8rQK/szD0LNhtqxIPLpimGm8sOBwU7lLnCpSbTyY3yeU1Vc7l4KT5zT4s/yOxHH5O7tIuuLOCnLADRw==}
    dev: true

  /data-uri-to-buffer@4.0.1:
    resolution: {integrity: sha512-0R9ikRb668HB7QDxT1vkpuUBtqc53YyAwMwGeUFKRojY/NWKvdZ+9UYtRfGmhqNbRkTSVpMbmyhXipFFv2cb/A==}
    engines: {node: '>= 12'}
    dev: false

  /date-fns@2.30.0:
    resolution: {integrity: sha512-fnULvOpxnC5/Vg3NCiWelDsLiUc9bRwAPs/+LfTLNvetFCtCTN+yQz15C/fs4AwX1R9K5GLtLfn8QW+dWisaAw==}
    engines: {node: '>=0.11'}
    dependencies:
      '@babel/runtime': 7.23.9
    dev: true

  /debug@4.3.2:
    resolution: {integrity: sha512-mOp8wKcvj7XxC78zLgw/ZA+6TSgkoE2C/ienthhRD298T7UNwAg9diBpLRxC0mOezLl4B0xV7M0cCO6P/O0Xhw==}
    engines: {node: '>=6.0'}
    peerDependencies:
      supports-color: '*'
    peerDependenciesMeta:
      supports-color:
        optional: true
    dependencies:
      ms: 2.1.2
    dev: true

  /deepmerge@4.3.1:
    resolution: {integrity: sha512-3sUqbMEc77XqpdNO7FRyRog+eW3ph+GYCbj+rK+uYyRMuwsVy0rMiVtPn+QJlKFvWP/1PYpapqYn0Me2knFn+A==}
    engines: {node: '>=0.10.0'}
    dev: true

  /default-browser-id@5.0.0:
    resolution: {integrity: sha512-A6p/pu/6fyBcA1TRz/GqWYPViplrftcW2gZC9q79ngNCKAeR/X3gcEdXQHl4KNXV+3wgIJ1CPkJQ3IHM6lcsyA==}
    engines: {node: '>=18'}
    dev: true

  /default-browser@5.2.1:
    resolution: {integrity: sha512-WY/3TUME0x3KPYdRRxEJJvXRHV4PyPoUsxtZa78lwItwRQRHhd2U9xOscaT/YTf8uCXIAjeJOFBVEh/7FtD8Xg==}
    engines: {node: '>=18'}
    dependencies:
      bundle-name: 4.1.0
      default-browser-id: 5.0.0
    dev: true

  /define-lazy-prop@3.0.0:
    resolution: {integrity: sha512-N+MeXYoqr3pOgn8xfyRPREN7gHakLYjhsHhWGT3fWAiL4IkAt0iDw14QiiEm2bE30c5XX5q0FtAA3CK5f9/BUg==}
    engines: {node: '>=12'}
    dev: true

  /emoji-regex@8.0.0:
    resolution: {integrity: sha512-MSjYzcWNOA0ewAHpz0MxpYFvwg6yjy1NG3xteoqz644VCo/RPgnr1/GGt+ic3iJTzQ8Eu3TdM14SawnVUmGE6A==}
    dev: true

  /escalade@3.1.2:
    resolution: {integrity: sha512-ErCHMCae19vR8vQGe50xIsVomy19rg6gFu3+r3jkEO46suLMWBksvVyoGgQV+jOfl84ZSOSlmv6Gxa89PmTGmA==}
    engines: {node: '>=6'}
    dev: true

  /estree-walker@2.0.2:
    resolution: {integrity: sha512-Rfkk/Mp/DL7JVje3u18FxFujQlTNR2q6QfMSMB7AvCBx91NGj/ba3kCfza0f6dVDbw7YlRf/nDrn7pQrCCyQ/w==}
    dev: true

  /fetch-blob@3.2.0:
    resolution: {integrity: sha512-7yAQpD2UMJzLi1Dqv7qFYnPbaPx7ZfFK6PiIxQ4PfkGPyNyl2Ugx+a/umUonmKqjhM4DnfbMvdX6otXq83soQQ==}
    engines: {node: ^12.20 || >= 14.13}
    dependencies:
      node-domexception: 1.0.0
      web-streams-polyfill: 3.3.2
    dev: false

  /file-type@18.7.0:
    resolution: {integrity: sha512-ihHtXRzXEziMrQ56VSgU7wkxh55iNchFkosu7Y9/S+tXHdKyrGjVK0ujbqNnsxzea+78MaLhN6PGmfYSAv1ACw==}
    engines: {node: '>=14.16'}
    dependencies:
      readable-web-to-node-stream: 3.0.2
      strtok3: 7.0.0
      token-types: 5.0.1
    dev: true

  /follow-redirects@1.15.5(debug@4.3.2):
    resolution: {integrity: sha512-vSFWUON1B+yAw1VN4xMfxgn5fTUiaOzAJCKBwIIgT/+7CuGy9+r+5gITvP62j3RmaD5Ph65UaERdOSRGUzZtgw==}
    engines: {node: '>=4.0'}
    peerDependencies:
      debug: '*'
    peerDependenciesMeta:
      debug:
        optional: true
    dependencies:
      debug: 4.3.2
    dev: true

  /formdata-polyfill@4.0.10:
    resolution: {integrity: sha512-buewHzMvYL29jdeQTVILecSaZKnt/RJWjoZCF5OW60Z67/GmSLBkOFM7qh1PI3zFNtJbaZL5eQu1vLfazOwj4g==}
    engines: {node: '>=12.20.0'}
    dependencies:
      fetch-blob: 3.2.0
    dev: false

  /fs-extra@11.2.0:
    resolution: {integrity: sha512-PmDi3uwK5nFuXh7XDTlVnS17xJS7vW36is2+w3xcv8SVxiB4NyATf4ctkVY5bkSjX0Y4nbvZCq1/EjtEyr9ktw==}
    engines: {node: '>=14.14'}
    dependencies:
      graceful-fs: 4.2.11
      jsonfile: 6.1.0
      universalify: 2.0.1
    dev: true

  /fs.realpath@1.0.0:
    resolution: {integrity: sha512-OO0pH2lK6a0hZnAdau5ItzHPI6pUlvI7jMVnxUQRtw4owF2wk8lOSabtGDCTP4Ggrg2MbGnWO9X8K1t4+fGMDw==}
    dev: true

  /fsevents@2.3.3:
    resolution: {integrity: sha512-5xoDfX+fL7faATnagmWPpbFtwh/R77WmMMqqHGS65C3vvB0YHrgF+B1YmZ3441tMj5n63k0212XNoJwzlhffQw==}
    engines: {node: ^8.16.0 || ^10.6.0 || >=11.0.0}
    os: [darwin]
    requiresBuild: true
    dev: true
    optional: true

  /function-bind@1.1.2:
    resolution: {integrity: sha512-7XHNxH7qX9xG5mIwxkhumTox/MIRNcOgDrxWsMt2pAr23WHp6MrRlN7FBSFpCpr+oVO0F744iUgR82nJMfG2SA==}
    dev: true

  /get-caller-file@2.0.5:
    resolution: {integrity: sha512-DyFP3BM/3YHTQOCUL/w0OZHR0lpKeGrxotcHWcqNEdnltqFwXVfhEBQ94eIo34AfQpo0rGki4cyIiftY06h2Fg==}
    engines: {node: 6.* || 8.* || >= 10.*}
    dev: true

  /get-stdin@9.0.0:
    resolution: {integrity: sha512-dVKBjfWisLAicarI2Sf+JuBE/DghV4UzNAVe9yhEJuzeREd3JhOTE9cUaJTeSa77fsbQUK3pcOpJfM59+VKZaA==}
    engines: {node: '>=12'}
    dev: true

  /glob@8.1.0:
    resolution: {integrity: sha512-r8hpEjiQEYlF2QU0df3dS+nxxSIreXQS1qRhMJM0Q5NDdR386C7jb7Hwwod8Fgiuex+k0GFjgft18yvxm5XoCQ==}
    engines: {node: '>=12'}
    dependencies:
      fs.realpath: 1.0.0
      inflight: 1.0.6
      inherits: 2.0.4
      minimatch: 5.1.6
      once: 1.4.0
    dev: true

  /graceful-fs@4.2.11:
    resolution: {integrity: sha512-RbJ5/jmFcNNCcDV5o9eTnBLJ/HszWV0P73bc+Ff4nS/rJj+YaS6IGyiOL0VoBYX+l1Wrl3k63h/KrH+nhJ0XvQ==}
    dev: true

  /has-flag@4.0.0:
    resolution: {integrity: sha512-EykJT/Q1KjTWctppgIAgfSO0tKVuZUjhgMr17kqTumMl6Afv3EISleU7qZUzoXDFTAHTDC4NOoG/ZxU3EvlMPQ==}
    engines: {node: '>=8'}
    dev: true

  /hasown@2.0.0:
    resolution: {integrity: sha512-vUptKVTpIJhcczKBbgnS+RtcuYMB8+oNzPK2/Hp3hanz8JmpATdmmgLgSaadVREkDm+e2giHwY3ZRkyjSIDDFA==}
    engines: {node: '>= 0.4'}
    dependencies:
      function-bind: 1.1.2
    dev: true

  /ieee754@1.2.1:
    resolution: {integrity: sha512-dcyqhDvX1C46lXZcVqCpK+FtMRQVdIMN6/Df5js2zouUsqG7I6sFxitIC+7KYK29KdXOLHdu9zL4sFnoVQnqaA==}
    dev: true

  /inflight@1.0.6:
    resolution: {integrity: sha512-k92I/b08q4wvFscXCLvqfsHCrjrF7yiXsQuIVvVE7N82W3+aqpzuUdBbfhWcy/FZR3/4IgflMgKLOsvPDrGCJA==}
    dependencies:
      once: 1.4.0
      wrappy: 1.0.2
    dev: true

  /inherits@2.0.4:
    resolution: {integrity: sha512-k/vGaX4/Yla3WzyMCvTQOXYeIHvqOKtnqBduzTHpzpQZzAskKMhZ2K+EnBiSM9zGSoIFeMpXKxa4dYeZIQqewQ==}
    dev: true

  /is-builtin-module@3.2.1:
    resolution: {integrity: sha512-BSLE3HnV2syZ0FK0iMA/yUGplUeMmNz4AW5fnTunbCIqZi4vG3WjJT9FHMy5D69xmAYBHXQhJdALdpwVxV501A==}
    engines: {node: '>=6'}
    dependencies:
      builtin-modules: 3.3.0
    dev: true

  /is-core-module@2.13.1:
    resolution: {integrity: sha512-hHrIjvZsftOsvKSn2TRYl63zvxsgE0K+0mYMoH6gD4omR5IWB2KynivBQczo3+wF1cCkjzvptnI9Q0sPU66ilw==}
    dependencies:
      hasown: 2.0.0
    dev: true

  /is-docker@3.0.0:
    resolution: {integrity: sha512-eljcgEDlEns/7AXFosB5K/2nCM4P7FQPkGc/DWLy5rmFEWvZayGrik1d9/QIY5nJ4f9YsVvBkA6kJpHn9rISdQ==}
    engines: {node: ^12.20.0 || ^14.13.1 || >=16.0.0}
    hasBin: true
    dev: true

  /is-fullwidth-code-point@3.0.0:
    resolution: {integrity: sha512-zymm5+u+sCsSWyD9qNaejV3DFvhCKclKdizYaJUuHA83RLjb7nSuGnddCHGv0hk+KY7BMAlsWeK4Ueg6EV6XQg==}
    engines: {node: '>=8'}
    dev: true

  /is-inside-container@1.0.0:
    resolution: {integrity: sha512-KIYLCCJghfHZxqjYBE7rEy0OBuTd5xCHS7tHVgvCLkx7StIoaxwNW3hCALgEUjFfeRk+MG/Qxmp/vtETEF3tRA==}
    engines: {node: '>=14.16'}
    hasBin: true
    dependencies:
      is-docker: 3.0.0
    dev: true

  /is-module@1.0.0:
    resolution: {integrity: sha512-51ypPSPCoTEIN9dy5Oy+h4pShgJmPCygKfyRCISBI+JoWT/2oJvK8QPxmwv7b/p239jXrm9M1mlQbyKJ5A152g==}
    dev: true

  /is-reference@1.2.1:
    resolution: {integrity: sha512-U82MsXXiFIrjCK4otLT+o2NA2Cd2g5MLoOVXUZjIOhLurrRxpEXzI8O0KZHr3IjLvlAH1kTPYSuqer5T9ZVBKQ==}
    dependencies:
      '@types/estree': 1.0.5
    dev: true

  /is-stream@3.0.0:
    resolution: {integrity: sha512-LnQR4bZ9IADDRSkvpqMGvt/tEJWclzklNgSw48V5EAaAeDd6qGvN8ei6k5p0tvxSR171VmGyHuTiAOfxAbr8kA==}
    engines: {node: ^12.20.0 || ^14.13.1 || >=16.0.0}
    dev: true

  /is-wsl@3.1.0:
    resolution: {integrity: sha512-UcVfVfaK4Sc4m7X3dUSoHoozQGBEFeDC+zVo06t98xe8CzHSZZBekNXH+tu0NalHolcJ/QAGqS46Hef7QXBIMw==}
    engines: {node: '>=16'}
    dependencies:
      is-inside-container: 1.0.0
    dev: true

  /jsonfile@6.1.0:
    resolution: {integrity: sha512-5dgndWOriYSm5cnYaJNhalLNDKOqFwyDB/rr1E9ZsGciGvKPs8R2xYGCacuf3z6K1YKDz182fd+fY3cn3pMqXQ==}
    dependencies:
      universalify: 2.0.1
    optionalDependencies:
      graceful-fs: 4.2.11
    dev: true

  /localtunnel@2.0.2:
    resolution: {integrity: sha512-n418Cn5ynvJd7m/N1d9WVJISLJF/ellZnfsLnx8WBWGzxv/ntNcFkJ1o6se5quUhCplfLGBNL5tYHiq5WF3Nug==}
    engines: {node: '>=8.3.0'}
    hasBin: true
    dependencies:
      axios: 0.21.4(debug@4.3.2)
      debug: 4.3.2
      openurl: 1.1.1
      yargs: 17.1.1
    transitivePeerDependencies:
      - supports-color
    dev: true

  /lodash@4.17.21:
    resolution: {integrity: sha512-v2kDEe57lecTulaDIuNTPy3Ry4gLGJ6Z1O3vE1krgXZNrsQ+LFTGHVxVjcXPs17LhbZVGedAJv8XZ1tvj5FvSg==}

  /magic-string@0.30.7:
    resolution: {integrity: sha512-8vBuFF/I/+OSLRmdf2wwFCJCz+nSn0m6DPvGH1fS/KiQoSaR+sETbov0eIk9KhEKy8CYqIkIAnbohxT/4H0kuA==}
    engines: {node: '>=12'}
    dependencies:
      '@jridgewell/sourcemap-codec': 1.4.15
    dev: true

  /meow@12.1.1:
    resolution: {integrity: sha512-BhXM0Au22RwUneMPwSCnyhTOizdWoIEPU9sp0Aqa1PnDMR5Wv2FGXYDjuzJEIX+Eo2Rb8xuYe5jrnm5QowQFkw==}
    engines: {node: '>=16.10'}
    dev: true

  /minimatch@5.1.6:
    resolution: {integrity: sha512-lKwV/1brpG6mBUFHtb7NUmtABCb2WZZmm2wNiOA5hAb8VdCS4B3dtMWyvcoViccwAW/COERjXLt0zP1zXUN26g==}
    engines: {node: '>=10'}
    dependencies:
      brace-expansion: 2.0.1
    dev: true

  /ms@2.1.2:
    resolution: {integrity: sha512-sGkPx+VjMtmA6MX27oA4FBFELFCZZ4S4XqeGOXCv68tT+jb3vk/RyaKWP0PTKyWtmLSM0b+adUTEvbs1PEaH2w==}
    dev: true

  /node-domexception@1.0.0:
    resolution: {integrity: sha512-/jKZoMpw0F8GRwl4/eLROPA3cfcXtLApP0QzLmUT/HuPCZWyB7IY9ZrMeKw2O/nFIqPQB3PVM9aYm0F312AXDQ==}
    engines: {node: '>=10.5.0'}
    dev: false

  /node-fetch@3.3.2:
    resolution: {integrity: sha512-dRB78srN/l6gqWulah9SrxeYnxeddIG30+GOqK/9OlLVyLg3HPnr6SqOWTWOXKRwC2eGYCkZ59NNuSgvSrpgOA==}
    engines: {node: ^12.20.0 || ^14.13.1 || >=16.0.0}
    dependencies:
      data-uri-to-buffer: 4.0.1
      fetch-blob: 3.2.0
      formdata-polyfill: 4.0.10
    dev: false

  /once@1.4.0:
    resolution: {integrity: sha512-lNaJgI+2Q5URQBkccEKHTQOPaXdUxnZZElQTZY0MFUAuaEqe1E+Nyvgdz/aIyNi6Z9MzO5dv1H8n58/GELp3+w==}
    dependencies:
      wrappy: 1.0.2
    dev: true

  /open-cli@8.0.0:
    resolution: {integrity: sha512-3muD3BbfLyzl+aMVSEfn2FfOqGdPYR0O4KNnxXsLEPE2q9OSjBfJAaB6XKbrUzLgymoSMejvb5jpXJfru/Ko2A==}
    engines: {node: '>=18'}
    hasBin: true
    dependencies:
      file-type: 18.7.0
      get-stdin: 9.0.0
      meow: 12.1.1
      open: 10.0.3
      tempy: 3.1.0
    dev: true

  /open@10.0.3:
    resolution: {integrity: sha512-dtbI5oW7987hwC9qjJTyABldTaa19SuyJse1QboWv3b0qCcrrLNVDqBx1XgELAjh9QTVQaP/C5b1nhQebd1H2A==}
    engines: {node: '>=18'}
    dependencies:
      default-browser: 5.2.1
      define-lazy-prop: 3.0.0
      is-inside-container: 1.0.0
      is-wsl: 3.1.0
    dev: true

  /openurl@1.1.1:
    resolution: {integrity: sha512-d/gTkTb1i1GKz5k3XE3XFV/PxQ1k45zDqGP2OA7YhgsaLoqm6qRvARAZOFer1fcXritWlGBRCu/UgeS4HAnXAA==}
    dev: true

  /path-parse@1.0.7:
    resolution: {integrity: sha512-LDJzPVEEEPR+y48z93A0Ed0yXb8pAByGWo/k5YYdYgpY2/2EsOsksJrq7lOHxryrVOn1ejG6oAp8ahvOIQD8sw==}
    dev: true

  /peek-readable@5.0.0:
    resolution: {integrity: sha512-YtCKvLUOvwtMGmrniQPdO7MwPjgkFBtFIrmfSbYmYuq3tKDV/mcfAhBth1+C3ru7uXIZasc/pHnb+YDYNkkj4A==}
    engines: {node: '>=14.16'}
    dev: true

  /picomatch@2.3.1:
    resolution: {integrity: sha512-JU3teHTNjmE2VCGFzuY8EXzCDVwEqB2a8fsIvwaStHhAWJEeVd1o1QD80CU6+ZdEXXSLbSsuLwJjkCBWqRQUVA==}
    engines: {node: '>=8.6'}
    dev: true

  /pvtsutils@1.3.5:
    resolution: {integrity: sha512-ARvb14YB9Nm2Xi6nBq1ZX6dAM0FsJnuk+31aUp4TrcZEdKUlSqOqsxJHUPJDNE3qiIp+iUPEIeR6Je/tgV7zsA==}
    dependencies:
      tslib: 2.6.2
    dev: false

  /pvutils@1.1.3:
    resolution: {integrity: sha512-pMpnA0qRdFp32b1sJl1wOJNxZLQ2cbQx+k6tjNtZ8CpvVhNqEPRgivZ2WOUev2YMajecdH7ctUPDvEe87nariQ==}
    engines: {node: '>=6.0.0'}
    dev: false

  /readable-stream@3.6.2:
    resolution: {integrity: sha512-9u/sniCrY3D5WdsERHzHE4G2YCXqoG5FTHUiCC4SIbr6XcLZBY05ya9EKjYek9O5xOAwjGq+1JdGBAS7Q9ScoA==}
    engines: {node: '>= 6'}
    dependencies:
      inherits: 2.0.4
      string_decoder: 1.3.0
      util-deprecate: 1.0.2
    dev: true

  /readable-web-to-node-stream@3.0.2:
    resolution: {integrity: sha512-ePeK6cc1EcKLEhJFt/AebMCLL+GgSKhuygrZ/GLaKZYEecIgIECf4UaUuaByiGtzckwR4ain9VzUh95T1exYGw==}
    engines: {node: '>=8'}
    dependencies:
      readable-stream: 3.6.2
    dev: true

  /regenerator-runtime@0.14.1:
    resolution: {integrity: sha512-dYnhHh0nJoMfnkZs6GmmhFknAGRrLznOu5nc9ML+EJxGvrx6H7teuevqVqCuPcPK//3eDrrjQhehXVx9cnkGdw==}
    dev: true

  /require-directory@2.1.1:
    resolution: {integrity: sha512-fGxEI7+wsG9xrvdjsrlmL22OMTTiHRwAMroiEeMgq8gzoLC/PQr7RsRDSTLUg/bZAZtF+TVIkHc6/4RIKrui+Q==}
    engines: {node: '>=0.10.0'}
    dev: true

  /resolve@1.22.8:
    resolution: {integrity: sha512-oKWePCxqpd6FlLvGV1VU0x7bkPmmCNolxzjMf4NczoDnQcIWrAF+cPtZn5i6n+RfD2d9i0tzpKnG6Yk168yIyw==}
    hasBin: true
    dependencies:
      is-core-module: 2.13.1
      path-parse: 1.0.7
      supports-preserve-symlinks-flag: 1.0.0
    dev: true

  /rollup-plugin-peer-deps-external@2.2.4(rollup@4.9.6):
    resolution: {integrity: sha512-AWdukIM1+k5JDdAqV/Cxd+nejvno2FVLVeZ74NKggm3Q5s9cbbcOgUPGdbxPi4BXu7xGaZ8HG12F+thImYu/0g==}
    peerDependencies:
      rollup: '*'
    dependencies:
      rollup: 4.9.6
    dev: true

  /rollup@4.9.6:
    resolution: {integrity: sha512-05lzkCS2uASX0CiLFybYfVkwNbKZG5NFQ6Go0VWyogFTXXbR039UVsegViTntkk4OglHBdF54ccApXRRuXRbsg==}
    engines: {node: '>=18.0.0', npm: '>=8.0.0'}
    hasBin: true
    dependencies:
      '@types/estree': 1.0.5
    optionalDependencies:
      '@rollup/rollup-android-arm-eabi': 4.9.6
      '@rollup/rollup-android-arm64': 4.9.6
      '@rollup/rollup-darwin-arm64': 4.9.6
      '@rollup/rollup-darwin-x64': 4.9.6
      '@rollup/rollup-linux-arm-gnueabihf': 4.9.6
      '@rollup/rollup-linux-arm64-gnu': 4.9.6
      '@rollup/rollup-linux-arm64-musl': 4.9.6
      '@rollup/rollup-linux-riscv64-gnu': 4.9.6
      '@rollup/rollup-linux-x64-gnu': 4.9.6
      '@rollup/rollup-linux-x64-musl': 4.9.6
      '@rollup/rollup-win32-arm64-msvc': 4.9.6
      '@rollup/rollup-win32-ia32-msvc': 4.9.6
      '@rollup/rollup-win32-x64-msvc': 4.9.6
      fsevents: 2.3.3
    dev: true

  /run-applescript@7.0.0:
    resolution: {integrity: sha512-9by4Ij99JUr/MCFBUkDKLWK3G9HVXmabKz9U5MlIAIuvuzkiOicRYs8XJLxX+xahD+mLiiCYDqF9dKAgtzKP1A==}
    engines: {node: '>=18'}
    dev: true

  /rxjs@7.8.1:
    resolution: {integrity: sha512-AA3TVj+0A2iuIoQkWEK/tqFjBq2j+6PO6Y0zJcvzLAFhEFIO3HL0vls9hWLncZbAAbK0mar7oZ4V079I/qPMxg==}
    dependencies:
      tslib: 2.6.2
    dev: true

  /safe-buffer@5.2.1:
    resolution: {integrity: sha512-rp3So07KcdmmKbGvgaNxQSJr7bGVSVk5S9Eq1F+ppbRo70+YeaDxkw5Dd8NPN+GD6bjnYm2VuPuCXmpuYvmCXQ==}
    dev: true

  /shell-quote@1.8.1:
    resolution: {integrity: sha512-6j1W9l1iAs/4xYBI1SYOVZyFcCis9b4KCLQ8fgAGG07QvzaRLVVRQvAy85yNmmZSjYjg4MWh4gNvlPujU/5LpA==}
    dev: true

  /spawn-command@0.0.2:
    resolution: {integrity: sha512-zC8zGoGkmc8J9ndvml8Xksr1Amk9qBujgbF0JAIWO7kXr43w0h/0GJNM/Vustixu+YE8N/MTrQ7N31FvHUACxQ==}
    dev: true

  /string-width@4.2.3:
    resolution: {integrity: sha512-wKyQRQpjJ0sIp62ErSZdGsjMJWsap5oRNihHhu6G7JVO/9jIB6UyevL+tXuOqrng8j/cxKTWyWUwvSTriiZz/g==}
    engines: {node: '>=8'}
    dependencies:
      emoji-regex: 8.0.0
      is-fullwidth-code-point: 3.0.0
      strip-ansi: 6.0.1
    dev: true

  /string_decoder@1.3.0:
    resolution: {integrity: sha512-hkRX8U1WjJFd8LsDJ2yQ/wWWxaopEsABU1XfkM8A+j0+85JAGppt16cr1Whg6KIbb4okU6Mql6BOj+uup/wKeA==}
    dependencies:
      safe-buffer: 5.2.1
    dev: true

  /strip-ansi@6.0.1:
    resolution: {integrity: sha512-Y38VPSHcqkFrCpFnQ9vuSXmquuv5oXOKpGeT6aGrr3o3Gc9AlVa6JBfUSOCnbxGGZF+/0ooI7KrPuUSztUdU5A==}
    engines: {node: '>=8'}
    dependencies:
      ansi-regex: 5.0.1
    dev: true

  /strtok3@7.0.0:
    resolution: {integrity: sha512-pQ+V+nYQdC5H3Q7qBZAz/MO6lwGhoC2gOAjuouGf/VO0m7vQRh8QNMl2Uf6SwAtzZ9bOw3UIeBukEGNJl5dtXQ==}
    engines: {node: '>=14.16'}
    dependencies:
      '@tokenizer/token': 0.3.0
      peek-readable: 5.0.0
    dev: true

  /supports-color@7.2.0:
    resolution: {integrity: sha512-qpCAvRl9stuOHveKsn7HncJRvv501qIacKzQlO/+Lwxc9+0q2wLyv4Dfvt80/DPn2pqOBsJdDiogXGR9+OvwRw==}
    engines: {node: '>=8'}
    dependencies:
      has-flag: 4.0.0
    dev: true

  /supports-color@8.1.1:
    resolution: {integrity: sha512-MpUEN2OodtUzxvKQl72cUF7RQ5EiHsGvSsVG0ia9c5RbWGL2CI4C7EpPS8UTBIplnlzZiNuV56w+FuNxy3ty2Q==}
    engines: {node: '>=10'}
    dependencies:
      has-flag: 4.0.0
    dev: true

  /supports-preserve-symlinks-flag@1.0.0:
    resolution: {integrity: sha512-ot0WnXS9fgdkgIcePe6RHNk1WA8+muPa6cSjeR3V8K27q9BB1rTE3R1p7Hv0z1ZyAc8s6Vvv8DIyWf681MAt0w==}
    engines: {node: '>= 0.4'}
    dev: true

  /temp-dir@3.0.0:
    resolution: {integrity: sha512-nHc6S/bwIilKHNRgK/3jlhDoIHcp45YgyiwcAk46Tr0LfEqGBVpmiAyuiuxeVE44m3mXnEeVhaipLOEWmH+Njw==}
    engines: {node: '>=14.16'}
    dev: true

  /tempy@3.1.0:
    resolution: {integrity: sha512-7jDLIdD2Zp0bDe5r3D2qtkd1QOCacylBuL7oa4udvN6v2pqr4+LcCr67C8DR1zkpaZ8XosF5m1yQSabKAW6f2g==}
    engines: {node: '>=14.16'}
    dependencies:
      is-stream: 3.0.0
      temp-dir: 3.0.0
      type-fest: 2.19.0
      unique-string: 3.0.0
    dev: true

  /token-types@5.0.1:
    resolution: {integrity: sha512-Y2fmSnZjQdDb9W4w4r1tswlMHylzWIeOKpx0aZH9BgGtACHhrk3OkT52AzwcuqTRBZtvvnTjDBh8eynMulu8Vg==}
    engines: {node: '>=14.16'}
    dependencies:
      '@tokenizer/token': 0.3.0
      ieee754: 1.2.1
    dev: true

  /tree-kill@1.2.2:
    resolution: {integrity: sha512-L0Orpi8qGpRG//Nd+H90vFB+3iHnue1zSSGmNOOCh1GLJ7rUKVwV2HvijphGQS2UmhUZewS9VgvxYIdgr+fG1A==}
    hasBin: true
    dev: true

  /tslib@2.6.2:
    resolution: {integrity: sha512-AEYxH93jGFPn/a2iVAwW87VuUIkR1FVUKB77NwMF7nBTDkDrrT/Hpt/IrCJ0QXhW27jTBDcf5ZY7w6RiqTMw2Q==}

  /type-fest@1.4.0:
    resolution: {integrity: sha512-yGSza74xk0UG8k+pLh5oeoYirvIiWo5t0/o3zHHAO2tRDiZcxWP7fywNlXhqb6/r6sWvwi+RsyQMWhVLe4BVuA==}
    engines: {node: '>=10'}
    dev: true

  /type-fest@2.19.0:
    resolution: {integrity: sha512-RAH822pAdBgcNMAfWnCBU3CFZcfZ/i1eZjwFU/dsLKumyuuP3niueg2UAukXYF0E2AAoc82ZSSf9J0WQBinzHA==}
    engines: {node: '>=12.20'}
    dev: true

  /typescript@5.3.3:
    resolution: {integrity: sha512-pXWcraxM0uxAS+tN0AG/BF2TyqmHO014Z070UsJ+pFvYuRSq8KH8DmWpnbXe0pEPDHXZV3FcAbJkijJ5oNEnWw==}
    engines: {node: '>=14.17'}
    hasBin: true
    dev: true

  /undici-types@5.26.5:
    resolution: {integrity: sha512-JlCMO+ehdEIKqlFxk6IfVoAUVmgz7cU7zD/h9XZ0qzeosSHmUJVOzSQvvYSYWXkFXC+IfLKSIffhv0sVZup6pA==}
    dev: true

  /unique-string@3.0.0:
    resolution: {integrity: sha512-VGXBUVwxKMBUznyffQweQABPRRW1vHZAbadFZud4pLFAqRGvv/96vafgjWFqzourzr8YonlQiPgH0YCJfawoGQ==}
    engines: {node: '>=12'}
    dependencies:
      crypto-random-string: 4.0.0
    dev: true

  /universalify@2.0.1:
    resolution: {integrity: sha512-gptHNQghINnc/vTGIk0SOFGFNXw7JVrlRUtConJRlvaw6DuX0wO5Jeko9sWrMBhh+PsYAZ7oXAiOnf/UKogyiw==}
    engines: {node: '>= 10.0.0'}
    dev: true

  /util-deprecate@1.0.2:
    resolution: {integrity: sha512-EPD5q1uXyFxJpCrLnCc1nHnq3gOa6DZBocAIiI2TaSCA7VCJ1UJDMagCzIkXNsUYfD1daK//LTEQ8xiIbrHtcw==}
    dev: true

  /web-streams-polyfill@3.3.2:
    resolution: {integrity: sha512-3pRGuxRF5gpuZc0W+EpwQRmCD7gRqcDOMt688KmdlDAgAyaB1XlN0zq2njfDNm44XVdIouE7pZ6GzbdyH47uIQ==}
    engines: {node: '>= 8'}
    dev: false

  /webcrypto-core@1.7.8:
    resolution: {integrity: sha512-eBR98r9nQXTqXt/yDRtInszPMjTaSAMJAFDg2AHsgrnczawT1asx9YNBX6k5p+MekbPF4+s/UJJrr88zsTqkSg==}
    dependencies:
      '@peculiar/asn1-schema': 2.3.8
      '@peculiar/json-schema': 1.1.12
      asn1js: 3.0.5
      pvtsutils: 1.3.5
      tslib: 2.6.2
    dev: false

  /wrap-ansi@7.0.0:
    resolution: {integrity: sha512-YVGIj2kamLSTxw6NsZjoBxfSwsn0ycdesmc4p+Q21c5zPuZ1pl+NfxVdxPtdHvmNVOQ6XSYG4AUtyt/Fi7D16Q==}
    engines: {node: '>=10'}
    dependencies:
      ansi-styles: 4.3.0
      string-width: 4.2.3
      strip-ansi: 6.0.1
    dev: true

  /wrappy@1.0.2:
    resolution: {integrity: sha512-l4Sp/DRseor9wL6EvV2+TuQn63dMkPjZ/sp9XkghTEbV9KlPS1xUsZ3u7/IQO4wxtcFB4bgpQPRcR3QCvezPcQ==}
    dev: true

  /ws@8.16.0:
    resolution: {integrity: sha512-HS0c//TP7Ina87TfiPUz1rQzMhHrl/SG2guqRcTOIUYD2q8uhUdNHZYJUaQ8aTGPzCh+c6oawMKW35nFl1dxyQ==}
    engines: {node: '>=10.0.0'}
    peerDependencies:
      bufferutil: ^4.0.1
      utf-8-validate: '>=5.0.2'
    peerDependenciesMeta:
      bufferutil:
        optional: true
      utf-8-validate:
        optional: true
    dev: false

  /y18n@5.0.8:
    resolution: {integrity: sha512-0pfFzegeDWJHJIAmTLRP2DwHjdF5s7jo9tuztdQxAhINCdvS+3nGINqPd00AphqJR/0LhANUS6/+7SCb98YOfA==}
    engines: {node: '>=10'}
    dev: true

  /yargs-parser@20.2.9:
    resolution: {integrity: sha512-y11nGElTIV+CT3Zv9t7VKl+Q3hTQoT9a1Qzezhhl6Rp21gJ/IVTW7Z3y9EWXhuUBC2Shnf+DX0antecpAwSP8w==}
    engines: {node: '>=10'}
    dev: true

  /yargs-parser@21.1.1:
    resolution: {integrity: sha512-tVpsJW7DdjecAiFpbIB1e3qxIQsE6NoPc5/eTdrbbIC4h0LVsWhnoa3g+m2HclBIujHzsxZ4VJVA+GUuc2/LBw==}
    engines: {node: '>=12'}
    dev: true

  /yargs@17.1.1:
    resolution: {integrity: sha512-c2k48R0PwKIqKhPMWjeiF6y2xY/gPMUlro0sgxqXpbOIohWiLNXWslsootttv7E1e73QPAMQSg5FeySbVcpsPQ==}
    engines: {node: '>=12'}
    dependencies:
      cliui: 7.0.4
      escalade: 3.1.2
      get-caller-file: 2.0.5
      require-directory: 2.1.1
      string-width: 4.2.3
      y18n: 5.0.8
      yargs-parser: 20.2.9
    dev: true

  /yargs@17.7.2:
    resolution: {integrity: sha512-7dSzzRQ++CKnNI/krKnYRV7JKKPUXMEh61soaHKg9mrWEhzFWhFnxPxGl+69cD1Ou63C13NUPCnmIcrvqCuM6w==}
    engines: {node: '>=12'}
    dependencies:
      cliui: 8.0.1
      escalade: 3.1.2
      get-caller-file: 2.0.5
      require-directory: 2.1.1
      string-width: 4.2.3
      y18n: 5.0.8
      yargs-parser: 21.1.1
    dev: true
